
Microsoft Visual Studio Solution File, Format Version 12.00
# Visual Studio 15
Project("{FAE04EC0-301F-11D3-BF4B-00C04F79EFBC}") = "Oculus.Platform", "Oculus.Platform.csproj", "{CB25A741-8865-EF6B-EFC5-80FEA80BF204}"
EndProject
Project("{FAE04EC0-301F-11D3-BF4B-00C04F79EFBC}") = "Assembly-CSharp", "Assembly-CSharp.csproj", "{164C825E-309C-823B-82A6-C9B1D2507CBA}"
EndProject
Project("{FAE04EC0-301F-11D3-BF4B-00C04F79EFBC}") = "Oculus.Spatializer", "Oculus.Spatializer.csproj", "{D6A118FA-031E-1610-8483-BE85542614CF}"
EndProject
Project("{FAE04EC0-301F-11D3-BF4B-00C04F79EFBC}") = "Oculus.Interaction", "Oculus.Interaction.csproj", "{05B08A4C-3CC0-B3EF-2B26-CA09FEC797C4}"
EndProject
Project("{FAE04EC0-301F-11D3-BF4B-00C04F79EFBC}") = "Meta.WitAi", "Meta.WitAi.csproj", "{0E337154-F5FC-BAD1-E039-C90371B9DE36}"
EndProject
Project("{FAE04EC0-301F-11D3-BF4B-00C04F79EFBC}") = "Oculus.Interaction.OVR.Samples", "Oculus.Interaction.OVR.Samples.csproj", "{5545BA8F-30F6-FA74-8E9D-0992C31E8BA6}"
EndProject
Project("{FAE04EC0-301F-11D3-BF4B-00C04F79EFBC}") = "Oculus.VR", "Oculus.VR.csproj", "{9D0A8469-9B3F-66CC-8432-EE59D48E5229}"
EndProject
Project("{FAE04EC0-301F-11D3-BF4B-00C04F79EFBC}") = "VoiceSDK.Dictation.Runtime", "VoiceSDK.Dictation.Runtime.csproj", "{41935746-17E3-0451-C082-0A4C840C4BC9}"
EndProject
Project("{FAE04EC0-301F-11D3-BF4B-00C04F79EFBC}") = "Meta.WitAi.TTS", "Meta.WitAi.TTS.csproj", "{427C6CD6-597E-1713-F6E8-0D96CB3526EB}"
EndProject
Project("{FAE04EC0-301F-11D3-BF4B-00C04F79EFBC}") = "CFXRDemo", "CFXRDemo.csproj", "{174AAAFD-954B-4DD4-AF51-5ACC7D6E499F}"
EndProject
Project("{FAE04EC0-301F-11D3-BF4B-00C04F79EFBC}") = "Oculus.AudioManager", "Oculus.AudioManager.csproj", "{51B3B26D-2C21-164C-5F7B-881D559EB65E}"
EndProject
Project("{FAE04EC0-301F-11D3-BF4B-00C04F79EFBC}") = "VoiceSDK.Runtime", "VoiceSDK.Runtime.csproj", "{5844CF25-C93D-5E6F-A904-3B97D517E351}"
EndProject
Project("{FAE04EC0-301F-11D3-BF4B-00C04F79EFBC}") = "Facebook.Wit.Dictation", "Facebook.Wit.Dictation.csproj", "{84A42A59-45A9-D6BE-FEC1-6A8AAEBD186A}"
EndProject
Project("{FAE04EC0-301F-11D3-BF4B-00C04F79EFBC}") = "Meta.WitAi.TTS.Samples", "Meta.WitAi.TTS.Samples.csproj", "{B3B56BC4-D39E-9B4D-A1BF-D9D2904DC275}"
EndProject
Project("{FAE04EC0-301F-11D3-BF4B-00C04F79EFBC}") = "Oculus.Voice.Demo", "Oculus.Voice.Demo.csproj", "{C9E7E11B-7AE9-D691-C511-E977FEE8DE7E}"
EndProject
Project("{FAE04EC0-301F-11D3-BF4B-00C04F79EFBC}") = "Meta.WitAi.Lib", "Meta.WitAi.Lib.csproj", "{7A14495C-B51C-243B-42F5-7007AF56BE34}"
EndProject
Project("{FAE04EC0-301F-11D3-BF4B-00C04F79EFBC}") = "Oculus.Interaction.OVR", "Oculus.Interaction.OVR.csproj", "{E6ED71F4-C75A-441E-22E1-21289C198A68}"
EndProject
Project("{FAE04EC0-301F-11D3-BF4B-00C04F79EFBC}") = "AssistantCoreSDKRuntime", "AssistantCoreSDKRuntime.csproj", "{1B6C806F-F64B-815E-7179-E5B9B2185854}"
EndProject
Project("{FAE04EC0-301F-11D3-BF4B-00C04F79EFBC}") = "LitJson", "LitJson.csproj", "{8C752608-292C-A37D-E27E-90F406BB059B}"
EndProject
Project("{FAE04EC0-301F-11D3-BF4B-00C04F79EFBC}") = "Meta.WitAi.Conduit", "Meta.WitAi.Conduit.csproj", "{D16D5137-537A-EB61-7C5D-CFC07DE3F75E}"
EndProject
Project("{FAE04EC0-301F-11D3-BF4B-00C04F79EFBC}") = "Oculus.LipSync", "Oculus.LipSync.csproj", "{891176BF-6AEF-A47F-CE5A-2C60BFB5B052}"
EndProject
Project("{FAE04EC0-301F-11D3-BF4B-00C04F79EFBC}") = "CFXRRuntime", "CFXRRuntime.csproj", "{EBD81FAE-E1EA-A6C0-82A0-56DB79B074ED}"
EndProject
Project("{FAE04EC0-301F-11D3-BF4B-00C04F79EFBC}") = "Assembly-CSharp-firstpass", "Assembly-CSharp-firstpass.csproj", "{22195C45-75D1-B1C8-90F8-14CC617384FD}"
EndProject
Project("{FAE04EC0-301F-11D3-BF4B-00C04F79EFBC}") = "Meta.VoiceSDK.Mic.Other", "Meta.VoiceSDK.Mic.Other.csproj", "{45BC2C03-1744-58DA-01E2-C5E2F5EAA65B}"
EndProject
Project("{FAE04EC0-301F-11D3-BF4B-00C04F79EFBC}") = "Meta.VoiceSDK.Mic.Common", "Meta.VoiceSDK.Mic.Common.csproj", "{6E73B337-AE8A-CE3D-B82D-03EDF4F34E4D}"
EndProject
Project("{FAE04EC0-301F-11D3-BF4B-00C04F79EFBC}") = "KinoBloom.Runtime", "KinoBloom.Runtime.csproj", "{B38AE66B-52FA-7C31-3228-E469C1A801F4}"
EndProject
Project("{FAE04EC0-301F-11D3-BF4B-00C04F79EFBC}") = "Meta.WitAi.Editor", "Meta.WitAi.Editor.csproj", "{8D1DF5B3-2374-95AF-DC7F-EA69FB5AABB2}"
EndProject
Project("{FAE04EC0-301F-11D3-BF4B-00C04F79EFBC}") = "Meta.WitAi.Conduit.Editor", "Meta.WitAi.Conduit.Editor.csproj", "{2E7BF56B-74EB-9B44-896D-75D3B0BCC8D1}"
EndProject
Project("{FAE04EC0-301F-11D3-BF4B-00C04F79EFBC}") = "Oculus.Interaction.Editor", "Oculus.Interaction.Editor.csproj", "{26E73300-E893-31F1-C544-D416DB6AC97F}"
EndProject
Project("{FAE04EC0-301F-11D3-BF4B-00C04F79EFBC}") = "Meta.WitAI.Lib.Editor", "Meta.WitAI.Lib.Editor.csproj", "{9B276B88-A856-CAF2-EF22-FE28C5467C78}"
EndProject
Project("{FAE04EC0-301F-11D3-BF4B-00C04F79EFBC}") = "Oculus.VR.Editor", "Oculus.VR.Editor.csproj", "{D450FD96-910E-DCAF-E085-EC2139D5D08F}"
EndProject
Project("{FAE04EC0-301F-11D3-BF4B-00C04F79EFBC}") = "Assembly-CSharp-Editor", "Assembly-CSharp-Editor.csproj", "{A5F9EA77-C5AA-81F0-EA0A-0FA77E1859C5}"
EndProject
Project("{FAE04EC0-301F-11D3-BF4B-00C04F79EFBC}") = "Oculus.Interaction.OVR.Editor", "Oculus.Interaction.OVR.Editor.csproj", "{5D3B09E8-4ECC-9195-D2E5-E76A7EAF68CD}"
EndProject
Project("{FAE04EC0-301F-11D3-BF4B-00C04F79EFBC}") = "Oculus.Interaction.Samples.Editor", "Oculus.Interaction.Samples.Editor.csproj", "{5F48E6FC-6714-8357-434B-869627F74BD6}"
EndProject
Project("{FAE04EC0-301F-11D3-BF4B-00C04F79EFBC}") = "CFXREditor", "CFXREditor.csproj", "{973F7ACC-C42B-A306-BD74-6322DD71B35A}"
EndProject
Project("{FAE04EC0-301F-11D3-BF4B-00C04F79EFBC}") = "Oculus.VR.Scripts.Editor", "Oculus.VR.Scripts.Editor.csproj", "{30AA8316-D8E8-4B99-30D6-6C22FEBC3C33}"
EndProject
Project("{FAE04EC0-301F-11D3-BF4B-00C04F79EFBC}") = "VoiceSDK.Editor", "VoiceSDK.Editor.csproj", "{0EFE7F5B-D244-EF7F-5621-EC0AD35FD2F1}"
EndProject
Project("{FAE04EC0-301F-11D3-BF4B-00C04F79EFBC}") = "Oculus.Spatializer.Editor", "Oculus.Spatializer.Editor.csproj", "{134B1058-B449-6D27-2CFC-B63A01FDB850}"
EndProject
Project("{FAE04EC0-301F-11D3-BF4B-00C04F79EFBC}") = "Meta.WitAi.TTS.Editor", "Meta.WitAi.TTS.Editor.csproj", "{FDB6AAA7-0B5E-A03F-D106-01EAC2A59EEA}"
EndProject
Project("{FAE04EC0-301F-11D3-BF4B-00C04F79EFBC}") = "Facebook.Wit.Dictation.Editor", "Facebook.Wit.Dictation.Editor.csproj", "{A0A9E0FE-71F1-C5A8-2FD9-E699B4AE91DB}"
EndProject
Project("{FAE04EC0-301F-11D3-BF4B-00C04F79EFBC}") = "VoiceSDK.Dictation.Editor", "VoiceSDK.Dictation.Editor.csproj", "{F1C61BC0-DF33-5402-6340-3B710DFE371A}"
EndProject
Project("{FAE04EC0-301F-11D3-BF4B-00C04F79EFBC}") = "Oculus.Platform.Editor", "Oculus.Platform.Editor.csproj", "{DE4D29C7-3DDD-7BB6-57EC-64FF0F306921}"
EndProject
Project("{FAE04EC0-301F-11D3-BF4B-00C04F79EFBC}") = "Oculus.AudioManager.Audio.Editor", "Oculus.AudioManager.Audio.Editor.csproj", "{8853FA4D-9AFC-0A88-51E1-5BB8F235A214}"
EndProject
Project("{FAE04EC0-301F-11D3-BF4B-00C04F79EFBC}") = "Oculus.Interaction.InterfaceSupport", "Oculus.Interaction.InterfaceSupport.csproj", "{F8E90C08-4491-865D-968D-764F31534C7B}"
EndProject
Project("{FAE04EC0-301F-11D3-BF4B-00C04F79EFBC}") = "Oculus.LipSync.Editor", "Oculus.LipSync.Editor.csproj", "{BC6B06A1-D4DE-1A72-B0E5-5B012B2896C8}"
EndProject
Project("{FAE04EC0-301F-11D3-BF4B-00C04F79EFBC}") = "Assembly-CSharp-Editor-firstpass", "Assembly-CSharp-Editor-firstpass.csproj", "{0E236B5E-F065-BE05-638D-D60F53B530D9}"
EndProject
Project("{FAE04EC0-301F-11D3-BF4B-00C04F79EFBC}") = "CFXR.WelcomeScreen", "CFXR.WelcomeScreen.csproj", "{7EB5F82F-F617-A032-5B0A-81F0A92FE4D6}"
EndProject
Project("{FAE04EC0-301F-11D3-BF4B-00C04F79EFBC}") = "ToonyColorsPro.Demo.Editor", "ToonyColorsPro.Demo.Editor.csproj", "{7A462088-88C8-0402-48B0-568E646AA4C4}"
EndProject
Project("{FAE04EC0-301F-11D3-BF4B-00C04F79EFBC}") = "AssistantCoreSDKEditor", "AssistantCoreSDKEditor.csproj", "{47964D81-608A-FED6-1F7D-D97CAAD2A1B4}"
EndProject
Project("{FAE04EC0-301F-11D3-BF4B-00C04F79EFBC}") = "Oculus.AudioManager.Utils.Editor", "Oculus.AudioManager.Utils.Editor.csproj", "{8E4542AF-DF3D-D663-8B0D-AC63FB76DE4F}"
EndProject
Global
	GlobalSection(SolutionConfigurationPlatforms) = preSolution
		Debug|Any CPU = Debug|Any CPU
		Release|Any CPU = Release|Any CPU
	EndGlobalSection
	GlobalSection(ProjectConfigurationPlatforms) = postSolution
		{CB25A741-8865-EF6B-EFC5-80FEA80BF204}.Debug|Any CPU.ActiveCfg = Debug|Any CPU
		{CB25A741-8865-EF6B-EFC5-80FEA80BF204}.Debug|Any CPU.Build.0 = Debug|Any CPU
		{CB25A741-8865-EF6B-EFC5-80FEA80BF204}.Release|Any CPU.ActiveCfg = Release|Any CPU
		{CB25A741-8865-EF6B-EFC5-80FEA80BF204}.Release|Any CPU.Build.0 = Release|Any CPU
		{164C825E-309C-823B-82A6-C9B1D2507CBA}.Debug|Any CPU.ActiveCfg = Debug|Any CPU
		{164C825E-309C-823B-82A6-C9B1D2507CBA}.Debug|Any CPU.Build.0 = Debug|Any CPU
		{164C825E-309C-823B-82A6-C9B1D2507CBA}.Release|Any CPU.ActiveCfg = Release|Any CPU
		{164C825E-309C-823B-82A6-C9B1D2507CBA}.Release|Any CPU.Build.0 = Release|Any CPU
		{D6A118FA-031E-1610-8483-BE85542614CF}.Debug|Any CPU.ActiveCfg = Debug|Any CPU
		{D6A118FA-031E-1610-8483-BE85542614CF}.Debug|Any CPU.Build.0 = Debug|Any CPU
		{D6A118FA-031E-1610-8483-BE85542614CF}.Release|Any CPU.ActiveCfg = Release|Any CPU
		{D6A118FA-031E-1610-8483-BE85542614CF}.Release|Any CPU.Build.0 = Release|Any CPU
		{05B08A4C-3CC0-B3EF-2B26-CA09FEC797C4}.Debug|Any CPU.ActiveCfg = Debug|Any CPU
		{05B08A4C-3CC0-B3EF-2B26-CA09FEC797C4}.Debug|Any CPU.Build.0 = Debug|Any CPU
		{05B08A4C-3CC0-B3EF-2B26-CA09FEC797C4}.Release|Any CPU.ActiveCfg = Release|Any CPU
		{05B08A4C-3CC0-B3EF-2B26-CA09FEC797C4}.Release|Any CPU.Build.0 = Release|Any CPU
		{0E337154-F5FC-BAD1-E039-C90371B9DE36}.Debug|Any CPU.ActiveCfg = Debug|Any CPU
		{0E337154-F5FC-BAD1-E039-C90371B9DE36}.Debug|Any CPU.Build.0 = Debug|Any CPU
		{0E337154-F5FC-BAD1-E039-C90371B9DE36}.Release|Any CPU.ActiveCfg = Release|Any CPU
		{0E337154-F5FC-BAD1-E039-C90371B9DE36}.Release|Any CPU.Build.0 = Release|Any CPU
		{5545BA8F-30F6-FA74-8E9D-0992C31E8BA6}.Debug|Any CPU.ActiveCfg = Debug|Any CPU
		{5545BA8F-30F6-FA74-8E9D-0992C31E8BA6}.Debug|Any CPU.Build.0 = Debug|Any CPU
		{5545BA8F-30F6-FA74-8E9D-0992C31E8BA6}.Release|Any CPU.ActiveCfg = Release|Any CPU
		{5545BA8F-30F6-FA74-8E9D-0992C31E8BA6}.Release|Any CPU.Build.0 = Release|Any CPU
		{9D0A8469-9B3F-66CC-8432-EE59D48E5229}.Debug|Any CPU.ActiveCfg = Debug|Any CPU
		{9D0A8469-9B3F-66CC-8432-EE59D48E5229}.Debug|Any CPU.Build.0 = Debug|Any CPU
		{9D0A8469-9B3F-66CC-8432-EE59D48E5229}.Release|Any CPU.ActiveCfg = Release|Any CPU
		{9D0A8469-9B3F-66CC-8432-EE59D48E5229}.Release|Any CPU.Build.0 = Release|Any CPU
		{41935746-17E3-0451-C082-0A4C840C4BC9}.Debug|Any CPU.ActiveCfg = Debug|Any CPU
		{41935746-17E3-0451-C082-0A4C840C4BC9}.Debug|Any CPU.Build.0 = Debug|Any CPU
		{41935746-17E3-0451-C082-0A4C840C4BC9}.Release|Any CPU.ActiveCfg = Release|Any CPU
		{41935746-17E3-0451-C082-0A4C840C4BC9}.Release|Any CPU.Build.0 = Release|Any CPU
		{427C6CD6-597E-1713-F6E8-0D96CB3526EB}.Debug|Any CPU.ActiveCfg = Debug|Any CPU
		{427C6CD6-597E-1713-F6E8-0D96CB3526EB}.Debug|Any CPU.Build.0 = Debug|Any CPU
		{427C6CD6-597E-1713-F6E8-0D96CB3526EB}.Release|Any CPU.ActiveCfg = Release|Any CPU
		{427C6CD6-597E-1713-F6E8-0D96CB3526EB}.Release|Any CPU.Build.0 = Release|Any CPU
		{174AAAFD-954B-4DD4-AF51-5ACC7D6E499F}.Debug|Any CPU.ActiveCfg = Debug|Any CPU
		{174AAAFD-954B-4DD4-AF51-5ACC7D6E499F}.Debug|Any CPU.Build.0 = Debug|Any CPU
		{174AAAFD-954B-4DD4-AF51-5ACC7D6E499F}.Release|Any CPU.ActiveCfg = Release|Any CPU
		{174AAAFD-954B-4DD4-AF51-5ACC7D6E499F}.Release|Any CPU.Build.0 = Release|Any CPU
		{51B3B26D-2C21-164C-5F7B-881D559EB65E}.Debug|Any CPU.ActiveCfg = Debug|Any CPU
		{51B3B26D-2C21-164C-5F7B-881D559EB65E}.Debug|Any CPU.Build.0 = Debug|Any CPU
		{51B3B26D-2C21-164C-5F7B-881D559EB65E}.Release|Any CPU.ActiveCfg = Release|Any CPU
		{51B3B26D-2C21-164C-5F7B-881D559EB65E}.Release|Any CPU.Build.0 = Release|Any CPU
		{5844CF25-C93D-5E6F-A904-3B97D517E351}.Debug|Any CPU.ActiveCfg = Debug|Any CPU
		{5844CF25-C93D-5E6F-A904-3B97D517E351}.Debug|Any CPU.Build.0 = Debug|Any CPU
		{5844CF25-C93D-5E6F-A904-3B97D517E351}.Release|Any CPU.ActiveCfg = Release|Any CPU
		{5844CF25-C93D-5E6F-A904-3B97D517E351}.Release|Any CPU.Build.0 = Release|Any CPU
		{84A42A59-45A9-D6BE-FEC1-6A8AAEBD186A}.Debug|Any CPU.ActiveCfg = Debug|Any CPU
		{84A42A59-45A9-D6BE-FEC1-6A8AAEBD186A}.Debug|Any CPU.Build.0 = Debug|Any CPU
		{84A42A59-45A9-D6BE-FEC1-6A8AAEBD186A}.Release|Any CPU.ActiveCfg = Release|Any CPU
		{84A42A59-45A9-D6BE-FEC1-6A8AAEBD186A}.Release|Any CPU.Build.0 = Release|Any CPU
		{B3B56BC4-D39E-9B4D-A1BF-D9D2904DC275}.Debug|Any CPU.ActiveCfg = Debug|Any CPU
		{B3B56BC4-D39E-9B4D-A1BF-D9D2904DC275}.Debug|Any CPU.Build.0 = Debug|Any CPU
		{B3B56BC4-D39E-9B4D-A1BF-D9D2904DC275}.Release|Any CPU.ActiveCfg = Release|Any CPU
		{B3B56BC4-D39E-9B4D-A1BF-D9D2904DC275}.Release|Any CPU.Build.0 = Release|Any CPU
		{C9E7E11B-7AE9-D691-C511-E977FEE8DE7E}.Debug|Any CPU.ActiveCfg = Debug|Any CPU
		{C9E7E11B-7AE9-D691-C511-E977FEE8DE7E}.Debug|Any CPU.Build.0 = Debug|Any CPU
		{C9E7E11B-7AE9-D691-C511-E977FEE8DE7E}.Release|Any CPU.ActiveCfg = Release|Any CPU
		{C9E7E11B-7AE9-D691-C511-E977FEE8DE7E}.Release|Any CPU.Build.0 = Release|Any CPU
		{7A14495C-B51C-243B-42F5-7007AF56BE34}.Debug|Any CPU.ActiveCfg = Debug|Any CPU
		{7A14495C-B51C-243B-42F5-7007AF56BE34}.Debug|Any CPU.Build.0 = Debug|Any CPU
		{7A14495C-B51C-243B-42F5-7007AF56BE34}.Release|Any CPU.ActiveCfg = Release|Any CPU
		{7A14495C-B51C-243B-42F5-7007AF56BE34}.Release|Any CPU.Build.0 = Release|Any CPU
		{E6ED71F4-C75A-441E-22E1-21289C198A68}.Debug|Any CPU.ActiveCfg = Debug|Any CPU
		{E6ED71F4-C75A-441E-22E1-21289C198A68}.Debug|Any CPU.Build.0 = Debug|Any CPU
		{E6ED71F4-C75A-441E-22E1-21289C198A68}.Release|Any CPU.ActiveCfg = Release|Any CPU
		{E6ED71F4-C75A-441E-22E1-21289C198A68}.Release|Any CPU.Build.0 = Release|Any CPU
		{1B6C806F-F64B-815E-7179-E5B9B2185854}.Debug|Any CPU.ActiveCfg = Debug|Any CPU
		{1B6C806F-F64B-815E-7179-E5B9B2185854}.Debug|Any CPU.Build.0 = Debug|Any CPU
		{1B6C806F-F64B-815E-7179-E5B9B2185854}.Release|Any CPU.ActiveCfg = Release|Any CPU
		{1B6C806F-F64B-815E-7179-E5B9B2185854}.Release|Any CPU.Build.0 = Release|Any CPU
		{8C752608-292C-A37D-E27E-90F406BB059B}.Debug|Any CPU.ActiveCfg = Debug|Any CPU
		{8C752608-292C-A37D-E27E-90F406BB059B}.Debug|Any CPU.Build.0 = Debug|Any CPU
		{8C752608-292C-A37D-E27E-90F406BB059B}.Release|Any CPU.ActiveCfg = Release|Any CPU
		{8C752608-292C-A37D-E27E-90F406BB059B}.Release|Any CPU.Build.0 = Release|Any CPU
		{D16D5137-537A-EB61-7C5D-CFC07DE3F75E}.Debug|Any CPU.ActiveCfg = Debug|Any CPU
		{D16D5137-537A-EB61-7C5D-CFC07DE3F75E}.Debug|Any CPU.Build.0 = Debug|Any CPU
		{D16D5137-537A-EB61-7C5D-CFC07DE3F75E}.Release|Any CPU.ActiveCfg = Release|Any CPU
		{D16D5137-537A-EB61-7C5D-CFC07DE3F75E}.Release|Any CPU.Build.0 = Release|Any CPU
		{891176BF-6AEF-A47F-CE5A-2C60BFB5B052}.Debug|Any CPU.ActiveCfg = Debug|Any CPU
		{891176BF-6AEF-A47F-CE5A-2C60BFB5B052}.Debug|Any CPU.Build.0 = Debug|Any CPU
		{891176BF-6AEF-A47F-CE5A-2C60BFB5B052}.Release|Any CPU.ActiveCfg = Release|Any CPU
		{891176BF-6AEF-A47F-CE5A-2C60BFB5B052}.Release|Any CPU.Build.0 = Release|Any CPU
		{EBD81FAE-E1EA-A6C0-82A0-56DB79B074ED}.Debug|Any CPU.ActiveCfg = Debug|Any CPU
		{EBD81FAE-E1EA-A6C0-82A0-56DB79B074ED}.Debug|Any CPU.Build.0 = Debug|Any CPU
		{EBD81FAE-E1EA-A6C0-82A0-56DB79B074ED}.Release|Any CPU.ActiveCfg = Release|Any CPU
		{EBD81FAE-E1EA-A6C0-82A0-56DB79B074ED}.Release|Any CPU.Build.0 = Release|Any CPU
		{22195C45-75D1-B1C8-90F8-14CC617384FD}.Debug|Any CPU.ActiveCfg = Debug|Any CPU
		{22195C45-75D1-B1C8-90F8-14CC617384FD}.Debug|Any CPU.Build.0 = Debug|Any CPU
		{22195C45-75D1-B1C8-90F8-14CC617384FD}.Release|Any CPU.ActiveCfg = Release|Any CPU
		{22195C45-75D1-B1C8-90F8-14CC617384FD}.Release|Any CPU.Build.0 = Release|Any CPU
		{45BC2C03-1744-58DA-01E2-C5E2F5EAA65B}.Debug|Any CPU.ActiveCfg = Debug|Any CPU
		{45BC2C03-1744-58DA-01E2-C5E2F5EAA65B}.Debug|Any CPU.Build.0 = Debug|Any CPU
		{45BC2C03-1744-58DA-01E2-C5E2F5EAA65B}.Release|Any CPU.ActiveCfg = Release|Any CPU
		{45BC2C03-1744-58DA-01E2-C5E2F5EAA65B}.Release|Any CPU.Build.0 = Release|Any CPU
		{6E73B337-AE8A-CE3D-B82D-03EDF4F34E4D}.Debug|Any CPU.ActiveCfg = Debug|Any CPU
		{6E73B337-AE8A-CE3D-B82D-03EDF4F34E4D}.Debug|Any CPU.Build.0 = Debug|Any CPU
		{6E73B337-AE8A-CE3D-B82D-03EDF4F34E4D}.Release|Any CPU.ActiveCfg = Release|Any CPU
		{6E73B337-AE8A-CE3D-B82D-03EDF4F34E4D}.Release|Any CPU.Build.0 = Release|Any CPU
		{B38AE66B-52FA-7C31-3228-E469C1A801F4}.Debug|Any CPU.ActiveCfg = Debug|Any CPU
		{B38AE66B-52FA-7C31-3228-E469C1A801F4}.Debug|Any CPU.Build.0 = Debug|Any CPU
		{B38AE66B-52FA-7C31-3228-E469C1A801F4}.Release|Any CPU.ActiveCfg = Release|Any CPU
		{B38AE66B-52FA-7C31-3228-E469C1A801F4}.Release|Any CPU.Build.0 = Release|Any CPU
		{8D1DF5B3-2374-95AF-DC7F-EA69FB5AABB2}.Debug|Any CPU.ActiveCfg = Debug|Any CPU
		{8D1DF5B3-2374-95AF-DC7F-EA69FB5AABB2}.Debug|Any CPU.Build.0 = Debug|Any CPU
		{8D1DF5B3-2374-95AF-DC7F-EA69FB5AABB2}.Release|Any CPU.ActiveCfg = Release|Any CPU
		{8D1DF5B3-2374-95AF-DC7F-EA69FB5AABB2}.Release|Any CPU.Build.0 = Release|Any CPU
		{2E7BF56B-74EB-9B44-896D-75D3B0BCC8D1}.Debug|Any CPU.ActiveCfg = Debug|Any CPU
		{2E7BF56B-74EB-9B44-896D-75D3B0BCC8D1}.Debug|Any CPU.Build.0 = Debug|Any CPU
		{2E7BF56B-74EB-9B44-896D-75D3B0BCC8D1}.Release|Any CPU.ActiveCfg = Release|Any CPU
		{2E7BF56B-74EB-9B44-896D-75D3B0BCC8D1}.Release|Any CPU.Build.0 = Release|Any CPU
		{26E73300-E893-31F1-C544-D416DB6AC97F}.Debug|Any CPU.ActiveCfg = Debug|Any CPU
		{26E73300-E893-31F1-C544-D416DB6AC97F}.Debug|Any CPU.Build.0 = Debug|Any CPU
		{26E73300-E893-31F1-C544-D416DB6AC97F}.Release|Any CPU.ActiveCfg = Release|Any CPU
		{26E73300-E893-31F1-C544-D416DB6AC97F}.Release|Any CPU.Build.0 = Release|Any CPU
		{9B276B88-A856-CAF2-EF22-FE28C5467C78}.Debug|Any CPU.ActiveCfg = Debug|Any CPU
		{9B276B88-A856-CAF2-EF22-FE28C5467C78}.Debug|Any CPU.Build.0 = Debug|Any CPU
		{9B276B88-A856-CAF2-EF22-FE28C5467C78}.Release|Any CPU.ActiveCfg = Release|Any CPU
		{9B276B88-A856-CAF2-EF22-FE28C5467C78}.Release|Any CPU.Build.0 = Release|Any CPU
		{D450FD96-910E-DCAF-E085-EC2139D5D08F}.Debug|Any CPU.ActiveCfg = Debug|Any CPU
		{D450FD96-910E-DCAF-E085-EC2139D5D08F}.Debug|Any CPU.Build.0 = Debug|Any CPU
		{D450FD96-910E-DCAF-E085-EC2139D5D08F}.Release|Any CPU.ActiveCfg = Release|Any CPU
		{D450FD96-910E-DCAF-E085-EC2139D5D08F}.Release|Any CPU.Build.0 = Release|Any CPU
		{A5F9EA77-C5AA-81F0-EA0A-0FA77E1859C5}.Debug|Any CPU.ActiveCfg = Debug|Any CPU
		{A5F9EA77-C5AA-81F0-EA0A-0FA77E1859C5}.Debug|Any CPU.Build.0 = Debug|Any CPU
		{A5F9EA77-C5AA-81F0-EA0A-0FA77E1859C5}.Release|Any CPU.ActiveCfg = Release|Any CPU
		{A5F9EA77-C5AA-81F0-EA0A-0FA77E1859C5}.Release|Any CPU.Build.0 = Release|Any CPU
		{5D3B09E8-4ECC-9195-D2E5-E76A7EAF68CD}.Debug|Any CPU.ActiveCfg = Debug|Any CPU
		{5D3B09E8-4ECC-9195-D2E5-E76A7EAF68CD}.Debug|Any CPU.Build.0 = Debug|Any CPU
		{5D3B09E8-4ECC-9195-D2E5-E76A7EAF68CD}.Release|Any CPU.ActiveCfg = Release|Any CPU
		{5D3B09E8-4ECC-9195-D2E5-E76A7EAF68CD}.Release|Any CPU.Build.0 = Release|Any CPU
		{5F48E6FC-6714-8357-434B-869627F74BD6}.Debug|Any CPU.ActiveCfg = Debug|Any CPU
		{5F48E6FC-6714-8357-434B-869627F74BD6}.Debug|Any CPU.Build.0 = Debug|Any CPU
		{5F48E6FC-6714-8357-434B-869627F74BD6}.Release|Any CPU.ActiveCfg = Release|Any CPU
		{5F48E6FC-6714-8357-434B-869627F74BD6}.Release|Any CPU.Build.0 = Release|Any CPU
		{973F7ACC-C42B-A306-BD74-6322DD71B35A}.Debug|Any CPU.ActiveCfg = Debug|Any CPU
		{973F7ACC-C42B-A306-BD74-6322DD71B35A}.Debug|Any CPU.Build.0 = Debug|Any CPU
		{973F7ACC-C42B-A306-BD74-6322DD71B35A}.Release|Any CPU.ActiveCfg = Release|Any CPU
		{973F7ACC-C42B-A306-BD74-6322DD71B35A}.Release|Any CPU.Build.0 = Release|Any CPU
		{30AA8316-D8E8-4B99-30D6-6C22FEBC3C33}.Debug|Any CPU.ActiveCfg = Debug|Any CPU
		{30AA8316-D8E8-4B99-30D6-6C22FEBC3C33}.Debug|Any CPU.Build.0 = Debug|Any CPU
		{30AA8316-D8E8-4B99-30D6-6C22FEBC3C33}.Release|Any CPU.ActiveCfg = Release|Any CPU
		{30AA8316-D8E8-4B99-30D6-6C22FEBC3C33}.Release|Any CPU.Build.0 = Release|Any CPU
		{0EFE7F5B-D244-EF7F-5621-EC0AD35FD2F1}.Debug|Any CPU.ActiveCfg = Debug|Any CPU
		{0EFE7F5B-D244-EF7F-5621-EC0AD35FD2F1}.Debug|Any CPU.Build.0 = Debug|Any CPU
		{0EFE7F5B-D244-EF7F-5621-EC0AD35FD2F1}.Release|Any CPU.ActiveCfg = Release|Any CPU
		{0EFE7F5B-D244-EF7F-5621-EC0AD35FD2F1}.Release|Any CPU.Build.0 = Release|Any CPU
		{134B1058-B449-6D27-2CFC-B63A01FDB850}.Debug|Any CPU.ActiveCfg = Debug|Any CPU
		{134B1058-B449-6D27-2CFC-B63A01FDB850}.Debug|Any CPU.Build.0 = Debug|Any CPU
		{134B1058-B449-6D27-2CFC-B63A01FDB850}.Release|Any CPU.ActiveCfg = Release|Any CPU
		{134B1058-B449-6D27-2CFC-B63A01FDB850}.Release|Any CPU.Build.0 = Release|Any CPU
		{FDB6AAA7-0B5E-A03F-D106-01EAC2A59EEA}.Debug|Any CPU.ActiveCfg = Debug|Any CPU
		{FDB6AAA7-0B5E-A03F-D106-01EAC2A59EEA}.Debug|Any CPU.Build.0 = Debug|Any CPU
		{FDB6AAA7-0B5E-A03F-D106-01EAC2A59EEA}.Release|Any CPU.ActiveCfg = Release|Any CPU
		{FDB6AAA7-0B5E-A03F-D106-01EAC2A59EEA}.Release|Any CPU.Build.0 = Release|Any CPU
		{A0A9E0FE-71F1-C5A8-2FD9-E699B4AE91DB}.Debug|Any CPU.ActiveCfg = Debug|Any CPU
		{A0A9E0FE-71F1-C5A8-2FD9-E699B4AE91DB}.Debug|Any CPU.Build.0 = Debug|Any CPU
		{A0A9E0FE-71F1-C5A8-2FD9-E699B4AE91DB}.Release|Any CPU.ActiveCfg = Release|Any CPU
		{A0A9E0FE-71F1-C5A8-2FD9-E699B4AE91DB}.Release|Any CPU.Build.0 = Release|Any CPU
		{F1C61BC0-DF33-5402-6340-3B710DFE371A}.Debug|Any CPU.ActiveCfg = Debug|Any CPU
		{F1C61BC0-DF33-5402-6340-3B710DFE371A}.Debug|Any CPU.Build.0 = Debug|Any CPU
		{F1C61BC0-DF33-5402-6340-3B710DFE371A}.Release|Any CPU.ActiveCfg = Release|Any CPU
		{F1C61BC0-DF33-5402-6340-3B710DFE371A}.Release|Any CPU.Build.0 = Release|Any CPU
		{DE4D29C7-3DDD-7BB6-57EC-64FF0F306921}.Debug|Any CPU.ActiveCfg = Debug|Any CPU
		{DE4D29C7-3DDD-7BB6-57EC-64FF0F306921}.Debug|Any CPU.Build.0 = Debug|Any CPU
		{DE4D29C7-3DDD-7BB6-57EC-64FF0F306921}.Release|Any CPU.ActiveCfg = Release|Any CPU
		{DE4D29C7-3DDD-7BB6-57EC-64FF0F306921}.Release|Any CPU.Build.0 = Release|Any CPU
		{8853FA4D-9AFC-0A88-51E1-5BB8F235A214}.Debug|Any CPU.ActiveCfg = Debug|Any CPU
		{8853FA4D-9AFC-0A88-51E1-5BB8F235A214}.Debug|Any CPU.Build.0 = Debug|Any CPU
		{8853FA4D-9AFC-0A88-51E1-5BB8F235A214}.Release|Any CPU.ActiveCfg = Release|Any CPU
		{8853FA4D-9AFC-0A88-51E1-5BB8F235A214}.Release|Any CPU.Build.0 = Release|Any CPU
		{F8E90C08-4491-865D-968D-764F31534C7B}.Debug|Any CPU.ActiveCfg = Debug|Any CPU
		{F8E90C08-4491-865D-968D-764F31534C7B}.Debug|Any CPU.Build.0 = Debug|Any CPU
		{F8E90C08-4491-865D-968D-764F31534C7B}.Release|Any CPU.ActiveCfg = Release|Any CPU
		{F8E90C08-4491-865D-968D-764F31534C7B}.Release|Any CPU.Build.0 = Release|Any CPU
		{BC6B06A1-D4DE-1A72-B0E5-5B012B2896C8}.Debug|Any CPU.ActiveCfg = Debug|Any CPU
		{BC6B06A1-D4DE-1A72-B0E5-5B012B2896C8}.Debug|Any CPU.Build.0 = Debug|Any CPU
		{BC6B06A1-D4DE-1A72-B0E5-5B012B2896C8}.Release|Any CPU.ActiveCfg = Release|Any CPU
		{BC6B06A1-D4DE-1A72-B0E5-5B012B2896C8}.Release|Any CPU.Build.0 = Release|Any CPU
		{0E236B5E-F065-BE05-638D-D60F53B530D9}.Debug|Any CPU.ActiveCfg = Debug|Any CPU
		{0E236B5E-F065-BE05-638D-D60F53B530D9}.Debug|Any CPU.Build.0 = Debug|Any CPU
		{0E236B5E-F065-BE05-638D-D60F53B530D9}.Release|Any CPU.ActiveCfg = Release|Any CPU
		{0E236B5E-F065-BE05-638D-D60F53B530D9}.Release|Any CPU.Build.0 = Release|Any CPU
		{7EB5F82F-F617-A032-5B0A-81F0A92FE4D6}.Debug|Any CPU.ActiveCfg = Debug|Any CPU
		{7EB5F82F-F617-A032-5B0A-81F0A92FE4D6}.Debug|Any CPU.Build.0 = Debug|Any CPU
		{7EB5F82F-F617-A032-5B0A-81F0A92FE4D6}.Release|Any CPU.ActiveCfg = Release|Any CPU
		{7EB5F82F-F617-A032-5B0A-81F0A92FE4D6}.Release|Any CPU.Build.0 = Release|Any CPU
		{7A462088-88C8-0402-48B0-568E646AA4C4}.Debug|Any CPU.ActiveCfg = Debug|Any CPU
		{7A462088-88C8-0402-48B0-568E646AA4C4}.Debug|Any CPU.Build.0 = Debug|Any CPU
		{7A462088-88C8-0402-48B0-568E646AA4C4}.Release|Any CPU.ActiveCfg = Release|Any CPU
		{7A462088-88C8-0402-48B0-568E646AA4C4}.Release|Any CPU.Build.0 = Release|Any CPU
		{47964D81-608A-FED6-1F7D-D97CAAD2A1B4}.Debug|Any CPU.ActiveCfg = Debug|Any CPU
		{47964D81-608A-FED6-1F7D-D97CAAD2A1B4}.Debug|Any CPU.Build.0 = Debug|Any CPU
		{47964D81-608A-FED6-1F7D-D97CAAD2A1B4}.Release|Any CPU.ActiveCfg = Release|Any CPU
		{47964D81-608A-FED6-1F7D-D97CAAD2A1B4}.Release|Any CPU.Build.0 = Release|Any CPU
		{8E4542AF-DF3D-D663-8B0D-AC63FB76DE4F}.Debug|Any CPU.ActiveCfg = Debug|Any CPU
		{8E4542AF-DF3D-D663-8B0D-AC63FB76DE4F}.Debug|Any CPU.Build.0 = Debug|Any CPU
		{8E4542AF-DF3D-D663-8B0D-AC63FB76DE4F}.Release|Any CPU.ActiveCfg = Release|Any CPU
		{8E4542AF-DF3D-D663-8B0D-AC63FB76DE4F}.Release|Any CPU.Build.0 = Release|Any CPU
	EndGlobalSection
	GlobalSection(SolutionProperties) = preSolution
		HideSolutionNode = FALSE
	EndGlobalSection
EndGlobal
